
Microsoft Visual Studio Solution File, Format Version 12.00
# Visual Studio Version 17
VisualStudioVersion = 17.0.31903.59
MinimumVisualStudioVersion = 10.0.40219.1
Project("{2150E333-8FDC-42A3-9474-1A3956D46DE8}") = "src", "src", "{6F1C7814-4643-4026-9AFA-1A8E3C17B610}"
EndProject
Project("{FAE04EC0-301F-11D3-BF4B-00C04F79EFBC}") = "Yadeh.Web", "src\Yadeh.Web\Yadeh.Web.csproj", "{212D54B0-D80C-45CA-8DCB-7EBA65BE6567}"
EndProject
Project("{FAE04EC0-301F-11D3-BF4B-00C04F79EFBC}") = "Yadeh.Domain", "src\Yadeh.Domain\Yadeh.Domain.csproj", "{D98BFFAE-33A1-4766-9EC8-954E5CFA832B}"
EndProject
Project("{FAE04EC0-301F-11D3-BF4B-00C04F79EFBC}") = "Yadeh.Application", "src\Yadeh.Application\Yadeh.Application.csproj", "{A5CC827D-0A1F-4215-B185-4E1960BE9C6F}"
EndProject
Project("{FAE04EC0-301F-11D3-BF4B-00C04F79EFBC}") = "Yadeh.Infrastructure", "src\Yadeh.Infrastructure\Yadeh.Infrastructure.csproj", "{0756EE6B-37AE-463B-9510-1F53902BD5A8}"
EndProject
Global
	GlobalSection(SolutionConfigurationPlatforms) = preSolution
		Debug|Any CPU = Debug|Any CPU
		Release|Any CPU = Release|Any CPU
	EndGlobalSection
	GlobalSection(SolutionProperties) = preSolution
		HideSolutionNode = FALSE
	EndGlobalSection
	GlobalSection(ProjectConfigurationPlatforms) = postSolution
		{212D54B0-D80C-45CA-8DCB-7EBA65BE6567}.Debug|Any CPU.ActiveCfg = Debug|Any CPU
		{212D54B0-D80C-45CA-8DCB-7EBA65BE6567}.Debug|Any CPU.Build.0 = Debug|Any CPU
		{212D54B0-D80C-45CA-8DCB-7EBA65BE6567}.Release|Any CPU.ActiveCfg = Release|Any CPU
		{212D54B0-D80C-45CA-8DCB-7EBA65BE6567}.Release|Any CPU.Build.0 = Release|Any CPU
		{D98BFFAE-33A1-4766-9EC8-954E5CFA832B}.Debug|Any CPU.ActiveCfg = Debug|Any CPU
		{D98BFFAE-33A1-4766-9EC8-954E5CFA832B}.Debug|Any CPU.Build.0 = Debug|Any CPU
		{D98BFFAE-33A1-4766-9EC8-954E5CFA832B}.Release|Any CPU.ActiveCfg = Release|Any CPU
		{D98BFFAE-33A1-4766-9EC8-954E5CFA832B}.Release|Any CPU.Build.0 = Release|Any CPU
		{A5CC827D-0A1F-4215-B185-4E1960BE9C6F}.Debug|Any CPU.ActiveCfg = Debug|Any CPU
		{A5CC827D-0A1F-4215-B185-4E1960BE9C6F}.Debug|Any CPU.Build.0 = Debug|Any CPU
		{A5CC827D-0A1F-4215-B185-4E1960BE9C6F}.Release|Any CPU.ActiveCfg = Release|Any CPU
		{A5CC827D-0A1F-4215-B185-4E1960BE9C6F}.Release|Any CPU.Build.0 = Release|Any CPU
		{0756EE6B-37AE-463B-9510-1F53902BD5A8}.Debug|Any CPU.ActiveCfg = Debug|Any CPU
		{0756EE6B-37AE-463B-9510-1F53902BD5A8}.Debug|Any CPU.Build.0 = Debug|Any CPU
		{0756EE6B-37AE-463B-9510-1F53902BD5A8}.Release|Any CPU.ActiveCfg = Release|Any CPU
		{0756EE6B-37AE-463B-9510-1F53902BD5A8}.Release|Any CPU.Build.0 = Release|Any CPU
	EndGlobalSection
	GlobalSection(NestedProjects) = preSolution
		{212D54B0-D80C-45CA-8DCB-7EBA65BE6567} = {6F1C7814-4643-4026-9AFA-1A8E3C17B610}
		{D98BFFAE-33A1-4766-9EC8-954E5CFA832B} = {6F1C7814-4643-4026-9AFA-1A8E3C17B610}
		{A5CC827D-0A1F-4215-B185-4E1960BE9C6F} = {6F1C7814-4643-4026-9AFA-1A8E3C17B610}
		{0756EE6B-37AE-463B-9510-1F53902BD5A8} = {6F1C7814-4643-4026-9AFA-1A8E3C17B610}
	EndGlobalSection
EndGlobal
